PODS:
  - Alamofire (4.3.0)
  - Keys (1.0.0)
  - Nimble (3.0.0)
  - ObjectMapper (2.2.2)
  - Quick (0.8.0)

DEPENDENCIES:
  - Alamofire (~> 4.3.0)
  - Keys (from `Pods/CocoaPodsKeys`)
  - Nimble (~> 3.0.0)
  - ObjectMapper (~> 2.2.2)
  - Quick (~> 0.8.0)

EXTERNAL SOURCES:
  Keys:
    :path: Pods/CocoaPodsKeys

SPEC CHECKSUMS:
  Alamofire: 856a113053a7bc9cbe5d6367a555d773fc5cfef7
  Keys: 9c35bf00f612ee1d48556f4a4b9b4551e224e90f
  Nimble: 4c353d43735b38b545cbb4cb91504588eb5de926
  ObjectMapper: 9e385c2295bcc4e16eabbcfc85db801442bba545
  Quick: 563d0f6ec5f72e394645adb377708639b7dd38ab

PODFILE CHECKSUM: d90efe9bad60e8de616700e0031ce5234a0b9529

COCOAPODS: 1.2.0.rc.1
