// !$*UTF8*$!
{
	archiveVersion = 1;
	classes = {
	};
	objectVersion = 46;
	objects = {

/* Begin PBXBuildFile section */
		79B69B51E466032F1EE5C688 /* Pods_SwiftMandrillTests.framework in Frameworks */ = {isa = PBXBuildFile; fileRef = EDBDA66A8218612AE0C967B3 /* Pods_SwiftMandrillTests.framework */; };
		835399401C4EEAD00089FAC5 /* MandrillError.swift in Sources */ = {isa = PBXBuildFile; fileRef = 8353993F1C4EEAD00089FAC5 /* MandrillError.swift */; };
		837E3BCC1C50A1D1000A3BCE /* UtilsSpecs.swift in Sources */ = {isa = PBXBuildFile; fileRef = 837E3BCB1C50A1D1000A3BCE /* UtilsSpecs.swift */; };
		838046651C4D9481005EE191 /* Constants.swift in Sources */ = {isa = PBXBuildFile; fileRef = 838046641C4D9481005EE191 /* Constants.swift */; };
		838046671C4D9E9E005EE191 /* MandrillEmail.swift in Sources */ = {isa = PBXBuildFile; fileRef = 838046661C4D9E9E005EE191 /* MandrillEmail.swift */; };
		838046691C4DA8AC005EE191 /* MandrillResult.swift in Sources */ = {isa = PBXBuildFile; fileRef = 838046681C4DA8AC005EE191 /* MandrillResult.swift */; };
		8380466B1C4EB534005EE191 /* MandrillTo.swift in Sources */ = {isa = PBXBuildFile; fileRef = 8380466A1C4EB534005EE191 /* MandrillTo.swift */; };
		8380466E1C4EC382005EE191 /* MandrillEmailResult.swift in Sources */ = {isa = PBXBuildFile; fileRef = 8380466D1C4EC382005EE191 /* MandrillEmailResult.swift */; };
		838046761C4ED23E005EE191 /* MandrillApiSpecs.swift in Sources */ = {isa = PBXBuildFile; fileRef = 838046751C4ED23E005EE191 /* MandrillApiSpecs.swift */; };
		83B4491B1C4F011A00FC1D65 /* JSONFileReader.swift in Sources */ = {isa = PBXBuildFile; fileRef = 83B449191C4F011A00FC1D65 /* JSONFileReader.swift */; };
		83B4491E1C4F01B000FC1D65 /* TestDataModelSpecs.swift in Sources */ = {isa = PBXBuildFile; fileRef = 83B4491C1C4F01B000FC1D65 /* TestDataModelSpecs.swift */; };
		83B449211C4F031300FC1D65 /* email_result.json in Resources */ = {isa = PBXBuildFile; fileRef = 83B449201C4F031300FC1D65 /* email_result.json */; };
		83B449231C4F071D00FC1D65 /* email_result_array.json in Resources */ = {isa = PBXBuildFile; fileRef = 83B449221C4F071D00FC1D65 /* email_result_array.json */; };
		83B449281C4F0ABE00FC1D65 /* email_to.json in Resources */ = {isa = PBXBuildFile; fileRef = 83B449271C4F0ABE00FC1D65 /* email_to.json */; };
		83B4492A1C4F0CA600FC1D65 /* email.json in Resources */ = {isa = PBXBuildFile; fileRef = 83B449291C4F0CA600FC1D65 /* email.json */; };
		83B4492C1C4F0E1400FC1D65 /* error.json in Resources */ = {isa = PBXBuildFile; fileRef = 83B4492B1C4F0E1400FC1D65 /* error.json */; };
		83B4492F1C5004D300FC1D65 /* ObjectParser.swift in Sources */ = {isa = PBXBuildFile; fileRef = 83B4492E1C5004D300FC1D65 /* ObjectParser.swift */; };
		83F1DE581C4D8DAA000A2701 /* SwiftMandrill.h in Headers */ = {isa = PBXBuildFile; fileRef = 83F1DE571C4D8DAA000A2701 /* SwiftMandrill.h */; settings = {ATTRIBUTES = (Public, ); }; };
		83F1DE5F1C4D8DAA000A2701 /* SwiftMandrill.framework in Frameworks */ = {isa = PBXBuildFile; fileRef = 83F1DE541C4D8DAA000A2701 /* SwiftMandrill.framework */; };
		83F1DE641C4D8DAA000A2701 /* SwiftMandrillTests.swift in Sources */ = {isa = PBXBuildFile; fileRef = 83F1DE631C4D8DAA000A2701 /* SwiftMandrillTests.swift */; };
		83F1DE731C4D92FA000A2701 /* MandrillAPI.swift in Sources */ = {isa = PBXBuildFile; fileRef = 83F1DE721C4D92FA000A2701 /* MandrillAPI.swift */; };
		D741B909C9D6B07769BDE1D6 /* Pods.framework in Frameworks */ = {isa = PBXBuildFile; fileRef = 73E4AEAF62018D0943795764 /* Pods.framework */; };
/* End PBXBuildFile section */

/* Begin PBXContainerItemProxy section */
		83F1DE601C4D8DAA000A2701 /* PBXContainerItemProxy */ = {
			isa = PBXContainerItemProxy;
			containerPortal = 83F1DE4B1C4D8DAA000A2701 /* Project object */;
			proxyType = 1;
			remoteGlobalIDString = 83F1DE531C4D8DAA000A2701;
			remoteInfo = SwiftMandrill;
		};
/* End PBXContainerItemProxy section */

/* Begin PBXFileReference section */
		1DC8B32AD2996F851D26A966 /* Pods-SwiftMandrillTests.release.xcconfig */ = {isa = PBXFileReference; includeInIndex = 1; lastKnownFileType = text.xcconfig; name = "Pods-SwiftMandrillTests.release.xcconfig"; path = "Pods/Target Support Files/Pods-SwiftMandrillTests/Pods-SwiftMandrillTests.release.xcconfig"; sourceTree = "<group>"; };
		6465ABE755C786F0D5C9EE39 /* Pods.release.xcconfig */ = {isa = PBXFileReference; includeInIndex = 1; lastKnownFileType = text.xcconfig; name = Pods.release.xcconfig; path = "Pods/Target Support Files/Pods/Pods.release.xcconfig"; sourceTree = "<group>"; };
		73E4AEAF62018D0943795764 /* Pods.framework */ = {isa = PBXFileReference; explicitFileType = wrapper.framework; includeInIndex = 0; path = Pods.framework; sourceTree = BUILT_PRODUCTS_DIR; };
		8353993F1C4EEAD00089FAC5 /* MandrillError.swift */ = {isa = PBXFileReference; fileEncoding = 4; lastKnownFileType = sourcecode.swift; path = MandrillError.swift; sourceTree = "<group>"; };
		837E3BCB1C50A1D1000A3BCE /* UtilsSpecs.swift */ = {isa = PBXFileReference; fileEncoding = 4; lastKnownFileType = sourcecode.swift; path = UtilsSpecs.swift; sourceTree = "<group>"; };
		838046641C4D9481005EE191 /* Constants.swift */ = {isa = PBXFileReference; fileEncoding = 4; lastKnownFileType = sourcecode.swift; path = Constants.swift; sourceTree = "<group>"; };
		838046661C4D9E9E005EE191 /* MandrillEmail.swift */ = {isa = PBXFileReference; fileEncoding = 4; lastKnownFileType = sourcecode.swift; path = MandrillEmail.swift; sourceTree = "<group>"; };
		838046681C4DA8AC005EE191 /* MandrillResult.swift */ = {isa = PBXFileReference; fileEncoding = 4; lastKnownFileType = sourcecode.swift; path = MandrillResult.swift; sourceTree = "<group>"; };
		8380466A1C4EB534005EE191 /* MandrillTo.swift */ = {isa = PBXFileReference; fileEncoding = 4; lastKnownFileType = sourcecode.swift; path = MandrillTo.swift; sourceTree = "<group>"; };
		8380466D1C4EC382005EE191 /* MandrillEmailResult.swift */ = {isa = PBXFileReference; fileEncoding = 4; lastKnownFileType = sourcecode.swift; path = MandrillEmailResult.swift; sourceTree = "<group>"; };
		838046751C4ED23E005EE191 /* MandrillApiSpecs.swift */ = {isa = PBXFileReference; fileEncoding = 4; lastKnownFileType = sourcecode.swift; path = MandrillApiSpecs.swift; sourceTree = "<group>"; };
		83B449191C4F011A00FC1D65 /* JSONFileReader.swift */ = {isa = PBXFileReference; fileEncoding = 4; lastKnownFileType = sourcecode.swift; path = JSONFileReader.swift; sourceTree = "<group>"; };
		83B4491C1C4F01B000FC1D65 /* TestDataModelSpecs.swift */ = {isa = PBXFileReference; fileEncoding = 4; lastKnownFileType = sourcecode.swift; path = TestDataModelSpecs.swift; sourceTree = "<group>"; };
		83B449201C4F031300FC1D65 /* email_result.json */ = {isa = PBXFileReference; fileEncoding = 4; lastKnownFileType = text.json; path = email_result.json; sourceTree = "<group>"; };
		83B449221C4F071D00FC1D65 /* email_result_array.json */ = {isa = PBXFileReference; fileEncoding = 4; lastKnownFileType = text.json; path = email_result_array.json; sourceTree = "<group>"; };
		83B449271C4F0ABE00FC1D65 /* email_to.json */ = {isa = PBXFileReference; fileEncoding = 4; lastKnownFileType = text.json; path = email_to.json; sourceTree = "<group>"; };
		83B449291C4F0CA600FC1D65 /* email.json */ = {isa = PBXFileReference; fileEncoding = 4; lastKnownFileType = text.json; path = email.json; sourceTree = "<group>"; };
		83B4492B1C4F0E1400FC1D65 /* error.json */ = {isa = PBXFileReference; fileEncoding = 4; lastKnownFileType = text.json; path = error.json; sourceTree = "<group>"; };
		83B4492E1C5004D300FC1D65 /* ObjectParser.swift */ = {isa = PBXFileReference; fileEncoding = 4; lastKnownFileType = sourcecode.swift; path = ObjectParser.swift; sourceTree = "<group>"; };
		83F1DE541C4D8DAA000A2701 /* SwiftMandrill.framework */ = {isa = PBXFileReference; explicitFileType = wrapper.framework; includeInIndex = 0; path = SwiftMandrill.framework; sourceTree = BUILT_PRODUCTS_DIR; };
		83F1DE571C4D8DAA000A2701 /* SwiftMandrill.h */ = {isa = PBXFileReference; lastKnownFileType = sourcecode.c.h; path = SwiftMandrill.h; sourceTree = "<group>"; };
		83F1DE591C4D8DAA000A2701 /* Info.plist */ = {isa = PBXFileReference; lastKnownFileType = text.plist.xml; path = Info.plist; sourceTree = "<group>"; };
		83F1DE5E1C4D8DAA000A2701 /* SwiftMandrillTests.xctest */ = {isa = PBXFileReference; explicitFileType = wrapper.cfbundle; includeInIndex = 0; path = SwiftMandrillTests.xctest; sourceTree = BUILT_PRODUCTS_DIR; };
		83F1DE631C4D8DAA000A2701 /* SwiftMandrillTests.swift */ = {isa = PBXFileReference; lastKnownFileType = sourcecode.swift; path = SwiftMandrillTests.swift; sourceTree = "<group>"; };
		83F1DE651C4D8DAA000A2701 /* Info.plist */ = {isa = PBXFileReference; lastKnownFileType = text.plist.xml; path = Info.plist; sourceTree = "<group>"; };
		83F1DE721C4D92FA000A2701 /* MandrillAPI.swift */ = {isa = PBXFileReference; fileEncoding = 4; lastKnownFileType = sourcecode.swift; path = MandrillAPI.swift; sourceTree = "<group>"; };
		A63CE37A2F3C4EC33F6989CB /* Pods.debug.xcconfig */ = {isa = PBXFileReference; includeInIndex = 1; lastKnownFileType = text.xcconfig; name = Pods.debug.xcconfig; path = "Pods/Target Support Files/Pods/Pods.debug.xcconfig"; sourceTree = "<group>"; };
		EDBDA66A8218612AE0C967B3 /* Pods_SwiftMandrillTests.framework */ = {isa = PBXFileReference; explicitFileType = wrapper.framework; includeInIndex = 0; path = Pods_SwiftMandrillTests.framework; sourceTree = BUILT_PRODUCTS_DIR; };
		F9A70979E0EC20AA5596BA80 /* Pods-SwiftMandrillTests.debug.xcconfig */ = {isa = PBXFileReference; includeInIndex = 1; lastKnownFileType = text.xcconfig; name = "Pods-SwiftMandrillTests.debug.xcconfig"; path = "Pods/Target Support Files/Pods-SwiftMandrillTests/Pods-SwiftMandrillTests.debug.xcconfig"; sourceTree = "<group>"; };
/* End PBXFileReference section */

/* Begin PBXFrameworksBuildPhase section */
		83F1DE501C4D8DAA000A2701 /* Frameworks */ = {
			isa = PBXFrameworksBuildPhase;
			buildActionMask = 2147483647;
			files = (
				D741B909C9D6B07769BDE1D6 /* Pods.framework in Frameworks */,
			);
			runOnlyForDeploymentPostprocessing = 0;
		};
		83F1DE5B1C4D8DAA000A2701 /* Frameworks */ = {
			isa = PBXFrameworksBuildPhase;
			buildActionMask = 2147483647;
			files = (
				83F1DE5F1C4D8DAA000A2701 /* SwiftMandrill.framework in Frameworks */,
				79B69B51E466032F1EE5C688 /* Pods_SwiftMandrillTests.framework in Frameworks */,
			);
			runOnlyForDeploymentPostprocessing = 0;
		};
/* End PBXFrameworksBuildPhase section */

/* Begin PBXGroup section */
		508CF91B86D3B7636BB4FC75 /* Frameworks */ = {
			isa = PBXGroup;
			children = (
				73E4AEAF62018D0943795764 /* Pods.framework */,
				EDBDA66A8218612AE0C967B3 /* Pods_SwiftMandrillTests.framework */,
			);
			name = Frameworks;
			sourceTree = "<group>";
		};
		83B449181C4F00F900FC1D65 /* JSON */ = {
			isa = PBXGroup;
			children = (
				83B4491F1C4F02C300FC1D65 /* Test Data */,
				83B449191C4F011A00FC1D65 /* JSONFileReader.swift */,
			);
			name = JSON;
			sourceTree = "<group>";
		};
		83B4491F1C4F02C300FC1D65 /* Test Data */ = {
			isa = PBXGroup;
			children = (
				83B449201C4F031300FC1D65 /* email_result.json */,
				83B449221C4F071D00FC1D65 /* email_result_array.json */,
				83B449271C4F0ABE00FC1D65 /* email_to.json */,
				83B449291C4F0CA600FC1D65 /* email.json */,
				83B4492B1C4F0E1400FC1D65 /* error.json */,
			);
			path = "Test Data";
			sourceTree = "<group>";
		};
		83B4492D1C5004C000FC1D65 /* Util */ = {
			isa = PBXGroup;
			children = (
				83B4492E1C5004D300FC1D65 /* ObjectParser.swift */,
			);
			path = Util;
			sourceTree = "<group>";
		};
		83F1DE4A1C4D8DAA000A2701 = {
			isa = PBXGroup;
			children = (
				83F1DE561C4D8DAA000A2701 /* SwiftMandrill */,
				83F1DE621C4D8DAA000A2701 /* SwiftMandrillTests */,
				83F1DE551C4D8DAA000A2701 /* Products */,
				E38C04B69BB1B0FC4BCC920D /* Pods */,
				508CF91B86D3B7636BB4FC75 /* Frameworks */,
			);
			sourceTree = "<group>";
		};
		83F1DE551C4D8DAA000A2701 /* Products */ = {
			isa = PBXGroup;
			children = (
				83F1DE541C4D8DAA000A2701 /* SwiftMandrill.framework */,
				83F1DE5E1C4D8DAA000A2701 /* SwiftMandrillTests.xctest */,
			);
			name = Products;
			sourceTree = "<group>";
		};
		83F1DE561C4D8DAA000A2701 /* SwiftMandrill */ = {
			isa = PBXGroup;
			children = (
				83B4492D1C5004C000FC1D65 /* Util */,
				83F1DE711C4D9263000A2701 /* Api */,
				83F1DE701C4D9236000A2701 /* Supporting Files */,
				83F1DE6F1C4D91EC000A2701 /* Model */,
			);
			path = SwiftMandrill;
			sourceTree = "<group>";
		};
		83F1DE621C4D8DAA000A2701 /* SwiftMandrillTests */ = {
			isa = PBXGroup;
			children = (
				83B449181C4F00F900FC1D65 /* JSON */,
				83F1DE631C4D8DAA000A2701 /* SwiftMandrillTests.swift */,
				83F1DE651C4D8DAA000A2701 /* Info.plist */,
				838046751C4ED23E005EE191 /* MandrillApiSpecs.swift */,
				83B4491C1C4F01B000FC1D65 /* TestDataModelSpecs.swift */,
				837E3BCB1C50A1D1000A3BCE /* UtilsSpecs.swift */,
			);
			path = SwiftMandrillTests;
			sourceTree = "<group>";
		};
		83F1DE6F1C4D91EC000A2701 /* Model */ = {
			isa = PBXGroup;
			children = (
				838046661C4D9E9E005EE191 /* MandrillEmail.swift */,
				838046681C4DA8AC005EE191 /* MandrillResult.swift */,
				8380466A1C4EB534005EE191 /* MandrillTo.swift */,
				8380466D1C4EC382005EE191 /* MandrillEmailResult.swift */,
				8353993F1C4EEAD00089FAC5 /* MandrillError.swift */,
			);
			path = Model;
			sourceTree = "<group>";
		};
		83F1DE701C4D9236000A2701 /* Supporting Files */ = {
			isa = PBXGroup;
			children = (
				83F1DE571C4D8DAA000A2701 /* SwiftMandrill.h */,
				83F1DE591C4D8DAA000A2701 /* Info.plist */,
				838046641C4D9481005EE191 /* Constants.swift */,
			);
			name = "Supporting Files";
			sourceTree = "<group>";
		};
		83F1DE711C4D9263000A2701 /* Api */ = {
			isa = PBXGroup;
			children = (
				83F1DE721C4D92FA000A2701 /* MandrillAPI.swift */,
			);
			path = Api;
			sourceTree = "<group>";
		};
		E38C04B69BB1B0FC4BCC920D /* Pods */ = {
			isa = PBXGroup;
			children = (
				A63CE37A2F3C4EC33F6989CB /* Pods.debug.xcconfig */,
				6465ABE755C786F0D5C9EE39 /* Pods.release.xcconfig */,
				F9A70979E0EC20AA5596BA80 /* Pods-SwiftMandrillTests.debug.xcconfig */,
				1DC8B32AD2996F851D26A966 /* Pods-SwiftMandrillTests.release.xcconfig */,
			);
			name = Pods;
			sourceTree = "<group>";
		};
/* End PBXGroup section */

/* Begin PBXHeadersBuildPhase section */
		83F1DE511C4D8DAA000A2701 /* Headers */ = {
			isa = PBXHeadersBuildPhase;
			buildActionMask = 2147483647;
			files = (
				83F1DE581C4D8DAA000A2701 /* SwiftMandrill.h in Headers */,
			);
			runOnlyForDeploymentPostprocessing = 0;
		};
/* End PBXHeadersBuildPhase section */

/* Begin PBXNativeTarget section */
		83F1DE531C4D8DAA000A2701 /* SwiftMandrill */ = {
			isa = PBXNativeTarget;
			buildConfigurationList = 83F1DE681C4D8DAA000A2701 /* Build configuration list for PBXNativeTarget "SwiftMandrill" */;
			buildPhases = (
				4327E0E843A0E8C6C1B43E51 /* Check Pods Manifest.lock */,
				83F1DE4F1C4D8DAA000A2701 /* Sources */,
				83F1DE501C4D8DAA000A2701 /* Frameworks */,
				83F1DE511C4D8DAA000A2701 /* Headers */,
				83F1DE521C4D8DAA000A2701 /* Resources */,
				D177A37BD09A0C867C40573F /* Copy Pods Resources */,
			);
			buildRules = (
			);
			dependencies = (
			);
			name = SwiftMandrill;
			productName = SwiftMandrill;
			productReference = 83F1DE541C4D8DAA000A2701 /* SwiftMandrill.framework */;
			productType = "com.apple.product-type.framework";
		};
		83F1DE5D1C4D8DAA000A2701 /* SwiftMandrillTests */ = {
			isa = PBXNativeTarget;
			buildConfigurationList = 83F1DE6B1C4D8DAA000A2701 /* Build configuration list for PBXNativeTarget "SwiftMandrillTests" */;
			buildPhases = (
				4136183EA1CA55A609C547E6 /* Check Pods Manifest.lock */,
				83F1DE5A1C4D8DAA000A2701 /* Sources */,
				83F1DE5B1C4D8DAA000A2701 /* Frameworks */,
				83F1DE5C1C4D8DAA000A2701 /* Resources */,
				62FA7C8961B69115FB6B2F17 /* Embed Pods Frameworks */,
				27C15B13CBE51E5BA4A9974E /* Copy Pods Resources */,
			);
			buildRules = (
			);
			dependencies = (
				83F1DE611C4D8DAA000A2701 /* PBXTargetDependency */,
			);
			name = SwiftMandrillTests;
			productName = SwiftMandrillTests;
			productReference = 83F1DE5E1C4D8DAA000A2701 /* SwiftMandrillTests.xctest */;
			productType = "com.apple.product-type.bundle.unit-test";
		};
/* End PBXNativeTarget section */

/* Begin PBXProject section */
		83F1DE4B1C4D8DAA000A2701 /* Project object */ = {
			isa = PBXProject;
			attributes = {
				LastSwiftUpdateCheck = 0720;
				LastUpgradeCheck = 0720;
				ORGANIZATIONNAME = greenpixels;
				TargetAttributes = {
					83F1DE531C4D8DAA000A2701 = {
						CreatedOnToolsVersion = 7.2;
						LastSwiftMigration = 0820;
					};
					83F1DE5D1C4D8DAA000A2701 = {
						CreatedOnToolsVersion = 7.2;
						LastSwiftMigration = 0820;
					};
				};
			};
			buildConfigurationList = 83F1DE4E1C4D8DAA000A2701 /* Build configuration list for PBXProject "SwiftMandrill" */;
			compatibilityVersion = "Xcode 3.2";
			developmentRegion = English;
			hasScannedForEncodings = 0;
			knownRegions = (
				en,
			);
			mainGroup = 83F1DE4A1C4D8DAA000A2701;
			productRefGroup = 83F1DE551C4D8DAA000A2701 /* Products */;
			projectDirPath = "";
			projectRoot = "";
			targets = (
				83F1DE531C4D8DAA000A2701 /* SwiftMandrill */,
				83F1DE5D1C4D8DAA000A2701 /* SwiftMandrillTests */,
			);
		};
/* End PBXProject section */

/* Begin PBXResourcesBuildPhase section */
		83F1DE521C4D8DAA000A2701 /* Resources */ = {
			isa = PBXResourcesBuildPhase;
			buildActionMask = 2147483647;
			files = (
			);
			runOnlyForDeploymentPostprocessing = 0;
		};
		83F1DE5C1C4D8DAA000A2701 /* Resources */ = {
			isa = PBXResourcesBuildPhase;
			buildActionMask = 2147483647;
			files = (
				83B4492C1C4F0E1400FC1D65 /* error.json in Resources */,
				83B449211C4F031300FC1D65 /* email_result.json in Resources */,
				83B4492A1C4F0CA600FC1D65 /* email.json in Resources */,
				83B449231C4F071D00FC1D65 /* email_result_array.json in Resources */,
				83B449281C4F0ABE00FC1D65 /* email_to.json in Resources */,
			);
			runOnlyForDeploymentPostprocessing = 0;
		};
/* End PBXResourcesBuildPhase section */

/* Begin PBXShellScriptBuildPhase section */
		27C15B13CBE51E5BA4A9974E /* Copy Pods Resources */ = {
			isa = PBXShellScriptBuildPhase;
			buildActionMask = 2147483647;
			files = (
			);
			inputPaths = (
			);
			name = "Copy Pods Resources";
			outputPaths = (
			);
			runOnlyForDeploymentPostprocessing = 0;
			shellPath = /bin/sh;
			shellScript = "\"${SRCROOT}/Pods/Target Support Files/Pods-SwiftMandrillTests/Pods-SwiftMandrillTests-resources.sh\"\n";
			showEnvVarsInLog = 0;
		};
		4136183EA1CA55A609C547E6 /* Check Pods Manifest.lock */ = {
			isa = PBXShellScriptBuildPhase;
			buildActionMask = 2147483647;
			files = (
			);
			inputPaths = (
			);
			name = "Check Pods Manifest.lock";
			outputPaths = (
			);
			runOnlyForDeploymentPostprocessing = 0;
			shellPath = /bin/sh;
			shellScript = "diff \"${PODS_ROOT}/../Podfile.lock\" \"${PODS_ROOT}/Manifest.lock\" > /dev/null\nif [[ $? != 0 ]] ; then\n    cat << EOM\nerror: The sandbox is not in sync with the Podfile.lock. Run 'pod install' or update your CocoaPods installation.\nEOM\n    exit 1\nfi\n";
			showEnvVarsInLog = 0;
		};
		4327E0E843A0E8C6C1B43E51 /* Check Pods Manifest.lock */ = {
			isa = PBXShellScriptBuildPhase;
			buildActionMask = 2147483647;
			files = (
			);
			inputPaths = (
			);
			name = "Check Pods Manifest.lock";
			outputPaths = (
			);
			runOnlyForDeploymentPostprocessing = 0;
			shellPath = /bin/sh;
			shellScript = "diff \"${PODS_ROOT}/../Podfile.lock\" \"${PODS_ROOT}/Manifest.lock\" > /dev/null\nif [[ $? != 0 ]] ; then\n    cat << EOM\nerror: The sandbox is not in sync with the Podfile.lock. Run 'pod install' or update your CocoaPods installation.\nEOM\n    exit 1\nfi\n";
			showEnvVarsInLog = 0;
		};
		62FA7C8961B69115FB6B2F17 /* Embed Pods Frameworks */ = {
			isa = PBXShellScriptBuildPhase;
			buildActionMask = 2147483647;
			files = (
			);
			inputPaths = (
			);
			name = "Embed Pods Frameworks";
			outputPaths = (
			);
			runOnlyForDeploymentPostprocessing = 0;
			shellPath = /bin/sh;
			shellScript = "\"${SRCROOT}/Pods/Target Support Files/Pods-SwiftMandrillTests/Pods-SwiftMandrillTests-frameworks.sh\"\n";
			showEnvVarsInLog = 0;
		};
		D177A37BD09A0C867C40573F /* Copy Pods Resources */ = {
			isa = PBXShellScriptBuildPhase;
			buildActionMask = 2147483647;
			files = (
			);
			inputPaths = (
			);
			name = "Copy Pods Resources";
			outputPaths = (
			);
			runOnlyForDeploymentPostprocessing = 0;
			shellPath = /bin/sh;
			shellScript = "\"${SRCROOT}/Pods/Target Support Files/Pods/Pods-resources.sh\"\n";
			showEnvVarsInLog = 0;
		};
/* End PBXShellScriptBuildPhase section */

/* Begin PBXSourcesBuildPhase section */
		83F1DE4F1C4D8DAA000A2701 /* Sources */ = {
			isa = PBXSourcesBuildPhase;
			buildActionMask = 2147483647;
			files = (
				83F1DE731C4D92FA000A2701 /* MandrillAPI.swift in Sources */,
				83B4492F1C5004D300FC1D65 /* ObjectParser.swift in Sources */,
				838046691C4DA8AC005EE191 /* MandrillResult.swift in Sources */,
				8380466B1C4EB534005EE191 /* MandrillTo.swift in Sources */,
				838046651C4D9481005EE191 /* Constants.swift in Sources */,
				835399401C4EEAD00089FAC5 /* MandrillError.swift in Sources */,
				8380466E1C4EC382005EE191 /* MandrillEmailResult.swift in Sources */,
				838046671C4D9E9E005EE191 /* MandrillEmail.swift in Sources */,
			);
			runOnlyForDeploymentPostprocessing = 0;
		};
		83F1DE5A1C4D8DAA000A2701 /* Sources */ = {
			isa = PBXSourcesBuildPhase;
			buildActionMask = 2147483647;
			files = (
				83B4491E1C4F01B000FC1D65 /* TestDataModelSpecs.swift in Sources */,
				837E3BCC1C50A1D1000A3BCE /* UtilsSpecs.swift in Sources */,
				83F1DE641C4D8DAA000A2701 /* SwiftMandrillTests.swift in Sources */,
				838046761C4ED23E005EE191 /* MandrillApiSpecs.swift in Sources */,
				83B4491B1C4F011A00FC1D65 /* JSONFileReader.swift in Sources */,
			);
			runOnlyForDeploymentPostprocessing = 0;
		};
/* End PBXSourcesBuildPhase section */

/* Begin PBXTargetDependency section */
		83F1DE611C4D8DAA000A2701 /* PBXTargetDependency */ = {
			isa = PBXTargetDependency;
			target = 83F1DE531C4D8DAA000A2701 /* SwiftMandrill */;
			targetProxy = 83F1DE601C4D8DAA000A2701 /* PBXContainerItemProxy */;
		};
/* End PBXTargetDependency section */

/* Begin XCBuildConfiguration section */
		83F1DE661C4D8DAA000A2701 /* Debug */ = {
			isa = XCBuildConfiguration;
			buildSettings = {
				ALWAYS_SEARCH_USER_PATHS = NO;
				CLANG_CXX_LANGUAGE_STANDARD = "gnu++0x";
				CLANG_CXX_LIBRARY = "libc++";
				CLANG_ENABLE_MODULES = YES;
				CLANG_ENABLE_OBJC_ARC = YES;
				CLANG_WARN_BOOL_CONVERSION = YES;
				CLANG_WARN_CONSTANT_CONVERSION = YES;
				CLANG_WARN_DIRECT_OBJC_ISA_USAGE = YES_ERROR;
				CLANG_WARN_EMPTY_BODY = YES;
				CLANG_WARN_ENUM_CONVERSION = YES;
				CLANG_WARN_INT_CONVERSION = YES;
				CLANG_WARN_OBJC_ROOT_CLASS = YES_ERROR;
				CLANG_WARN_UNREACHABLE_CODE = YES;
				CLANG_WARN__DUPLICATE_METHOD_MATCH = YES;
				"CODE_SIGN_IDENTITY[sdk=iphoneos*]" = "iPhone Developer";
				COPY_PHASE_STRIP = NO;
				CURRENT_PROJECT_VERSION = 1;
				DEBUG_INFORMATION_FORMAT = dwarf;
				ENABLE_STRICT_OBJC_MSGSEND = YES;
				ENABLE_TESTABILITY = YES;
				GCC_C_LANGUAGE_STANDARD = gnu99;
				GCC_DYNAMIC_NO_PIC = NO;
				GCC_NO_COMMON_BLOCKS = YES;
				GCC_OPTIMIZATION_LEVEL = 0;
				GCC_PREPROCESSOR_DEFINITIONS = (
					"DEBUG=1",
					"$(inherited)",
				);
				GCC_WARN_64_TO_32_BIT_CONVERSION = YES;
				GCC_WARN_ABOUT_RETURN_TYPE = YES_ERROR;
				GCC_WARN_UNDECLARED_SELECTOR = YES;
				GCC_WARN_UNINITIALIZED_AUTOS = YES_AGGRESSIVE;
				GCC_WARN_UNUSED_FUNCTION = YES;
				GCC_WARN_UNUSED_VARIABLE = YES;
				IPHONEOS_DEPLOYMENT_TARGET = 9.0;
				MTL_ENABLE_DEBUG_INFO = YES;
				ONLY_ACTIVE_ARCH = YES;
				SDKROOT = iphoneos;
				SWIFT_OPTIMIZATION_LEVEL = "-Onone";
				TARGETED_DEVICE_FAMILY = "1,2";
				VERSIONING_SYSTEM = "apple-generic";
				VERSION_INFO_PREFIX = "";
			};
			name = Debug;
		};
		83F1DE671C4D8DAA000A2701 /* Release */ = {
			isa = XCBuildConfiguration;
			buildSettings = {
				ALWAYS_SEARCH_USER_PATHS = NO;
				CLANG_CXX_LANGUAGE_STANDARD = "gnu++0x";
				CLANG_CXX_LIBRARY = "libc++";
				CLANG_ENABLE_MODULES = YES;
				CLANG_ENABLE_OBJC_ARC = YES;
				CLANG_WARN_BOOL_CONVERSION = YES;
				CLANG_WARN_CONSTANT_CONVERSION = YES;
				CLANG_WARN_DIRECT_OBJC_ISA_USAGE = YES_ERROR;
				CLANG_WARN_EMPTY_BODY = YES;
				CLANG_WARN_ENUM_CONVERSION = YES;
				CLANG_WARN_INT_CONVERSION = YES;
				CLANG_WARN_OBJC_ROOT_CLASS = YES_ERROR;
				CLANG_WARN_UNREACHABLE_CODE = YES;
				CLANG_WARN__DUPLICATE_METHOD_MATCH = YES;
				"CODE_SIGN_IDENTITY[sdk=iphoneos*]" = "iPhone Developer";
				COPY_PHASE_STRIP = NO;
				CURRENT_PROJECT_VERSION = 1;
				DEBUG_INFORMATION_FORMAT = "dwarf-with-dsym";
				ENABLE_NS_ASSERTIONS = NO;
				ENABLE_STRICT_OBJC_MSGSEND = YES;
				GCC_C_LANGUAGE_STANDARD = gnu99;
				GCC_NO_COMMON_BLOCKS = YES;
				GCC_WARN_64_TO_32_BIT_CONVERSION = YES;
				GCC_WARN_ABOUT_RETURN_TYPE = YES_ERROR;
				GCC_WARN_UNDECLARED_SELECTOR = YES;
				GCC_WARN_UNINITIALIZED_AUTOS = YES_AGGRESSIVE;
				GCC_WARN_UNUSED_FUNCTION = YES;
				GCC_WARN_UNUSED_VARIABLE = YES;
				IPHONEOS_DEPLOYMENT_TARGET = 9.0;
				MTL_ENABLE_DEBUG_INFO = NO;
				SDKROOT = iphoneos;
				TARGETED_DEVICE_FAMILY = "1,2";
				VALIDATE_PRODUCT = YES;
				VERSIONING_SYSTEM = "apple-generic";
				VERSION_INFO_PREFIX = "";
			};
			name = Release;
		};
		83F1DE691C4D8DAA000A2701 /* Debug */ = {
			isa = XCBuildConfiguration;
			baseConfigurationReference = A63CE37A2F3C4EC33F6989CB /* Pods.debug.xcconfig */;
			buildSettings = {
				CLANG_ENABLE_MODULES = YES;
				DEFINES_MODULE = YES;
				DYLIB_COMPATIBILITY_VERSION = 1;
				DYLIB_CURRENT_VERSION = 1;
				DYLIB_INSTALL_NAME_BASE = "@rpath";
				INFOPLIST_FILE = SwiftMandrill/Info.plist;
				INSTALL_PATH = "$(LOCAL_LIBRARY_DIR)/Frameworks";
				IPHONEOS_DEPLOYMENT_TARGET = 9.0;
				LD_RUNPATH_SEARCH_PATHS = "$(inherited) @executable_path/Frameworks @loader_path/Frameworks";
				PRODUCT_BUNDLE_IDENTIFIER = com.greenpixels.SwiftMandrill;
				PRODUCT_NAME = "$(TARGET_NAME)";
				SKIP_INSTALL = YES;
				SWIFT_OPTIMIZATION_LEVEL = "-Onone";
				SWIFT_VERSION = 3.0;
			};
			name = Debug;
		};
		83F1DE6A1C4D8DAA000A2701 /* Release */ = {
			isa = XCBuildConfiguration;
			baseConfigurationReference = 6465ABE755C786F0D5C9EE39 /* Pods.release.xcconfig */;
			buildSettings = {
				CLANG_ENABLE_MODULES = YES;
				DEFINES_MODULE = YES;
				DYLIB_COMPATIBILITY_VERSION = 1;
				DYLIB_CURRENT_VERSION = 1;
				DYLIB_INSTALL_NAME_BASE = "@rpath";
				INFOPLIST_FILE = SwiftMandrill/Info.plist;
				INSTALL_PATH = "$(LOCAL_LIBRARY_DIR)/Frameworks";
				IPHONEOS_DEPLOYMENT_TARGET = 9.0;
				LD_RUNPATH_SEARCH_PATHS = "$(inherited) @executable_path/Frameworks @loader_path/Frameworks";
				PRODUCT_BUNDLE_IDENTIFIER = com.greenpixels.SwiftMandrill;
				PRODUCT_NAME = "$(TARGET_NAME)";
				SKIP_INSTALL = YES;
				SWIFT_VERSION = 3.0;
			};
			name = Release;
		};
		83F1DE6C1C4D8DAA000A2701 /* Debug */ = {
			isa = XCBuildConfiguration;
			baseConfigurationReference = F9A70979E0EC20AA5596BA80 /* Pods-SwiftMandrillTests.debug.xcconfig */;
			buildSettings = {
				INFOPLIST_FILE = SwiftMandrillTests/Info.plist;
				LD_RUNPATH_SEARCH_PATHS = "$(inherited) @executable_path/Frameworks @loader_path/Frameworks";
				PRODUCT_BUNDLE_IDENTIFIER = com.greenpixels.SwiftMandrillTests;
				PRODUCT_NAME = "$(TARGET_NAME)";
				SWIFT_VERSION = 3.0;
			};
			name = Debug;
		};
		83F1DE6D1C4D8DAA000A2701 /* Release */ = {
			isa = XCBuildConfiguration;
			baseConfigurationReference = 1DC8B32AD2996F851D26A966 /* Pods-SwiftMandrillTests.release.xcconfig */;
			buildSettings = {
				INFOPLIST_FILE = SwiftMandrillTests/Info.plist;
				LD_RUNPATH_SEARCH_PATHS = "$(inherited) @executable_path/Frameworks @loader_path/Frameworks";
				PRODUCT_BUNDLE_IDENTIFIER = com.greenpixels.SwiftMandrillTests;
				PRODUCT_NAME = "$(TARGET_NAME)";
				SWIFT_VERSION = 3.0;
			};
			name = Release;
		};
/* End XCBuildConfiguration section */

/* Begin XCConfigurationList section */
		83F1DE4E1C4D8DAA000A2701 /* Build configuration list for PBXProject "SwiftMandrill" */ = {
			isa = XCConfigurationList;
			buildConfigurations = (
				83F1DE661C4D8DAA000A2701 /* Debug */,
				83F1DE671C4D8DAA000A2701 /* Release */,
			);
			defaultConfigurationIsVisible = 0;
			defaultConfigurationName = Release;
		};
		83F1DE681C4D8DAA000A2701 /* Build configuration list for PBXNativeTarget "SwiftMandrill" */ = {
			isa = XCConfigurationList;
			buildConfigurations = (
				83F1DE691C4D8DAA000A2701 /* Debug */,
				83F1DE6A1C4D8DAA000A2701 /* Release */,
			);
			defaultConfigurationIsVisible = 0;
			defaultConfigurationName = Release;
		};
		83F1DE6B1C4D8DAA000A2701 /* Build configuration list for PBXNativeTarget "SwiftMandrillTests" */ = {
			isa = XCConfigurationList;
			buildConfigurations = (
				83F1DE6C1C4D8DAA000A2701 /* Debug */,
				83F1DE6D1C4D8DAA000A2701 /* Release */,
			);
			defaultConfigurationIsVisible = 0;
			defaultConfigurationName = Release;
		};
/* End XCConfigurationList section */
	};
	rootObject = 83F1DE4B1C4D8DAA000A2701 /* Project object */;
}
